# This file is automatically @generated by Cargo.
# It is not intended for manual editing.
version = 4

[[package]]
name = "psc"
version = "0.1.0"
dependencies = [
 "pseudocode-core",
]

[[package]]
name = "pseudocode-checker"
version = "0.1.0"
dependencies = [
 "pseudocode-core",
]

[[package]]
name = "pseudocode-core"
version = "0.1.0"

[[package]]
name = "pseudocode-lsp"
version = "0.1.0"
dependencies = [
 "pseudocode-checker",
 "pseudocode-core",
]
